
Microsoft Visual Studio Solution File, Format Version 12.00
# Visual Studio 2013
VisualStudioVersion = 12.0.40629.0
MinimumVisualStudioVersion = 10.0.40219.1
Project("{FAE04EC0-301F-11D3-BF4B-00C04F79EFBC}") = "skeletonRESTApp", "skeletonRESTApp\skeletonRESTApp.csproj", "{EF02383F-77DF-4B97-AB3D-F5A87550CE57}"
EndProject
Project("{FAE04EC0-301F-11D3-BF4B-00C04F79EFBC}") = "DataBaseMgr", "DataBaseMgr\DataBaseMgr.csproj", "{05B70B0E-7C54-4AFB-9377-0AF29A28BCE9}"
EndProject
Project("{FAE04EC0-301F-11D3-BF4B-00C04F79EFBC}") = "BusinessMgr", "BusinessMgr\BusinessMgr.csproj", "{D650938E-10F2-40CC-B2FD-A3144E5DC7D7}"
EndProject
Global
	GlobalSection(SolutionConfigurationPlatforms) = preSolution
		Debug|Any CPU = Debug|Any CPU
		Release|Any CPU = Release|Any CPU
	EndGlobalSection
	GlobalSection(ProjectConfigurationPlatforms) = postSolution
		{EF02383F-77DF-4B97-AB3D-F5A87550CE57}.Debug|Any CPU.ActiveCfg = Debug|Any CPU
		{EF02383F-77DF-4B97-AB3D-F5A87550CE57}.Debug|Any CPU.Build.0 = Debug|Any CPU
		{EF02383F-77DF-4B97-AB3D-F5A87550CE57}.Release|Any CPU.ActiveCfg = Release|Any CPU
		{EF02383F-77DF-4B97-AB3D-F5A87550CE57}.Release|Any CPU.Build.0 = Release|Any CPU
		{05B70B0E-7C54-4AFB-9377-0AF29A28BCE9}.Debug|Any CPU.ActiveCfg = Debug|Any CPU
		{05B70B0E-7C54-4AFB-9377-0AF29A28BCE9}.Debug|Any CPU.Build.0 = Debug|Any CPU
		{05B70B0E-7C54-4AFB-9377-0AF29A28BCE9}.Release|Any CPU.ActiveCfg = Release|Any CPU
		{05B70B0E-7C54-4AFB-9377-0AF29A28BCE9}.Release|Any CPU.Build.0 = Release|Any CPU
		{D650938E-10F2-40CC-B2FD-A3144E5DC7D7}.Debug|Any CPU.ActiveCfg = Debug|Any CPU
		{D650938E-10F2-40CC-B2FD-A3144E5DC7D7}.Debug|Any CPU.Build.0 = Debug|Any CPU
		{D650938E-10F2-40CC-B2FD-A3144E5DC7D7}.Release|Any CPU.ActiveCfg = Release|Any CPU
		{D650938E-10F2-40CC-B2FD-A3144E5DC7D7}.Release|Any CPU.Build.0 = Release|Any CPU
	EndGlobalSection
	GlobalSection(SolutionProperties) = preSolution
		HideSolutionNode = FALSE
	EndGlobalSection
EndGlobal
